{"1.1.0",
[{<<"ct_msg">>,
  {git,"https://github.com/CargoTube/ct_msg.git",
       {ref,"2e26e13d81e325fe1b0cb785064ccdd1c8e3b0ae"}},
  0},
 {<<"jsone">>,{pkg,<<"jsone">>,<<"1.4.1">>},1},
 {<<"msgpack">>,{pkg,<<"msgpack">>,<<"0.7.0">>},1}]}.
[
{pkg_hash,[
 {<<"jsone">>, <<"10ECFB2E2FD216D6451AF71CF14F276E063A096E15B685DE7535FD680466C9B5">>},
 {<<"msgpack">>, <<"128AE0A2227C7E7A2847C0F0F73551C268464F8C1EE96BFFB920BC0A5712B295">>}]}
].
